{
	"name": "Demo",
	"version": "0.0.1",
	"lockfileVersion": 1,
	"requires": true,
	"dependencies": {
		"@ldn0x7dc/react-native-view-pager": {
			"version": "0.0.9",
			"resolved": "https://registry.npmjs.org/@ldn0x7dc/react-native-view-pager/-/react-native-view-pager-0.0.9.tgz",
			"integrity": "sha1-DKjYjJttp3tYEiJhfgsERZvL07A=",
			"requires": {
				"react-mixin": "3.1.1",
				"react-native-gesture-responder": "0.1.1",
				"react-native-scroller": "0.0.6",
				"react-timer-mixin": "0.13.3"
			}
		},
		"object-assign": {
			"version": "4.1.1",
			"resolved": "https://registry.npmjs.org/object-assign/-/object-assign-4.1.1.tgz",
			"integrity": "sha1-IQmtx5ZYh8/AXLvUQsrIv7s2CGM="
		},
		"react-mixin": {
			"version": "3.1.1",
			"resolved": "https://registry.npmjs.org/react-mixin/-/react-mixin-3.1.1.tgz",
			"integrity": "sha512-z9fZ0aCRDjlgxLdMeWkJ9TwhmVLhQ09r8RFpin/cEPA2T6jsb7YHNWcIe0Oii+hhJNyMymdy91CSya5mRkuCkg==",
			"requires": {
				"object-assign": "4.1.1",
				"smart-mixin": "2.0.0"
			}
		},
		"react-native-gesture-responder": {
			"version": "0.1.1",
			"resolved": "https://registry.npmjs.org/react-native-gesture-responder/-/react-native-gesture-responder-0.1.1.tgz",
			"integrity": "sha1-gCVS2OtxU8DYGjlumPS4C0BLZ5g=",
			"requires": {
				"react-timer-mixin": "0.13.3"
			}
		},
		"react-native-image-gallery": {
			"version": "1.1.0",
			"resolved": "https://registry.npmjs.org/react-native-image-gallery/-/react-native-image-gallery-1.1.0.tgz",
			"integrity": "sha1-aEJ9wLN22z/unRyQjuG6V0bdZlg=",
			"requires": {
				"@ldn0x7dc/react-native-view-pager": "0.0.9",
				"react-native-gesture-responder": "0.1.1",
				"react-native-transformable-image": "0.0.18"
			}
		},
		"react-native-scroller": {
			"version": "0.0.6",
			"resolved": "https://registry.npmjs.org/react-native-scroller/-/react-native-scroller-0.0.6.tgz",
			"integrity": "sha1-3qjIm9HKLSRF+7azqQlg32wXZ/8="
		},
		"react-native-transformable-image": {
			"version": "0.0.18",
			"resolved": "https://registry.npmjs.org/react-native-transformable-image/-/react-native-transformable-image-0.0.18.tgz",
			"integrity": "sha1-ACKfJBDEQ6OmtfpTcUEh7NiCOW8=",
			"requires": {
				"react-native-view-transformer": "0.0.28"
			}
		},
		"react-native-view-transformer": {
			"version": "0.0.28",
			"resolved": "https://registry.npmjs.org/react-native-view-transformer/-/react-native-view-transformer-0.0.28.tgz",
			"integrity": "sha1-AbuMnmz/9wqNQA4GHAzSdgJmKss=",
			"requires": {
				"react-native-gesture-responder": "0.1.1",
				"react-native-scroller": "0.0.6"
			}
		},
		"react-timer-mixin": {
			"version": "0.13.3",
			"resolved": "https://registry.npmjs.org/react-timer-mixin/-/react-timer-mixin-0.13.3.tgz",
			"integrity": "sha1-Dai5+AfsB9w+hU0ILHN8ZWBbPSI="
		},
		"smart-mixin": {
			"version": "2.0.0",
			"resolved": "https://registry.npmjs.org/smart-mixin/-/smart-mixin-2.0.0.tgz",
			"integrity": "sha1-o0oQVeMqdbMNK048oyPcmctT9Dc="
		}
	}
}
